Microsoft Visual Studio Solution File, Format Version 12.00
# Visual Studio 2012
Project("{FAE04EC0-301F-11D3-BF4B-00C04F79EFBC}") = "The True Price", "The True Price.csproj", "{FE4BD4A2-16F6-4480-B55E-0AC851E3C394}"
EndProject
Global
	GlobalSection(SolutionConfigurationPlatforms) = preSolution
	Debug|Any CPU = Debug|Any CPU
	ExportDebug|Any CPU = ExportDebug|Any CPU
	ExportRelease|Any CPU = ExportRelease|Any CPU
	EndGlobalSection
	GlobalSection(ProjectConfigurationPlatforms) = postSolution
		{FE4BD4A2-16F6-4480-B55E-0AC851E3C394}.Debug|Any CPU.ActiveCfg = Debug|Any CPU
		{FE4BD4A2-16F6-4480-B55E-0AC851E3C394}.Debug|Any CPU.Build.0 = Debug|Any CPU
		{FE4BD4A2-16F6-4480-B55E-0AC851E3C394}.ExportDebug|Any CPU.ActiveCfg = ExportDebug|Any CPU
		{FE4BD4A2-16F6-4480-B55E-0AC851E3C394}.ExportDebug|Any CPU.Build.0 = ExportDebug|Any CPU
		{FE4BD4A2-16F6-4480-B55E-0AC851E3C394}.ExportRelease|Any CPU.ActiveCfg = ExportRelease|Any CPU
		{FE4BD4A2-16F6-4480-B55E-0AC851E3C394}.ExportRelease|Any CPU.Build.0 = ExportRelease|Any CPU
	EndGlobalSection
EndGlobal
